
Microsoft Visual Studio Solution File, Format Version 11.00
# Visual Studio 2010
Project("{FAE04EC0-301F-11D3-BF4B-00C04F79EFBC}") = "Assembly-CSharp", "Assembly-CSharp.csproj", "{9cfe4423-2ba6-7682-9deb-bcf32f801047}"
EndProject
Project("{FAE04EC0-301F-11D3-BF4B-00C04F79EFBC}") = "Scripts", "Scripts.csproj", "{369c4ec0-7a71-1b1f-8704-8ca0d24dfd6d}"
EndProject
Project("{FAE04EC0-301F-11D3-BF4B-00C04F79EFBC}") = "PlayMode", "PlayMode.csproj", "{4689d0e7-0e31-8680-ea0e-3ab89c7d28e0}"
EndProject
Project("{FAE04EC0-301F-11D3-BF4B-00C04F79EFBC}") = "Assembly-CSharp-Editor", "Assembly-CSharp-Editor.csproj", "{47699c00-412a-daf3-50b0-282c25316a2f}"
EndProject
Global
	GlobalSection(SolutionConfigurationPlatforms) = preSolution
		Debug|Any CPU = Debug|Any CPU
	EndGlobalSection
	GlobalSection(ProjectConfigurationPlatforms) = postSolution
		{9cfe4423-2ba6-7682-9deb-bcf32f801047}.Debug|Any CPU.ActiveCfg = Debug|Any CPU
		{9cfe4423-2ba6-7682-9deb-bcf32f801047}.Debug|Any CPU.Build.0 = Debug|Any CPU
		{369c4ec0-7a71-1b1f-8704-8ca0d24dfd6d}.Debug|Any CPU.ActiveCfg = Debug|Any CPU
		{369c4ec0-7a71-1b1f-8704-8ca0d24dfd6d}.Debug|Any CPU.Build.0 = Debug|Any CPU
		{4689d0e7-0e31-8680-ea0e-3ab89c7d28e0}.Debug|Any CPU.ActiveCfg = Debug|Any CPU
		{4689d0e7-0e31-8680-ea0e-3ab89c7d28e0}.Debug|Any CPU.Build.0 = Debug|Any CPU
		{47699c00-412a-daf3-50b0-282c25316a2f}.Debug|Any CPU.ActiveCfg = Debug|Any CPU
		{47699c00-412a-daf3-50b0-282c25316a2f}.Debug|Any CPU.Build.0 = Debug|Any CPU
	EndGlobalSection
	GlobalSection(SolutionProperties) = preSolution
		HideSolutionNode = FALSE
	EndGlobalSection
EndGlobal
